// !$*UTF8*$!
{
	archiveVersion = 1;
	classes = {
	};
	objectVersion = 56;
	objects = {

/* Begin PBXBuildFile section */
		1E53FA532CB6CA3C004FDA8D /* AppDelegate.swift in Sources */ = {isa = PBXBuildFile; fileRef = 1E53FA522CB6CA3C004FDA8D /* AppDelegate.swift */; };
		1E53FA552CB6CA3C004FDA8D /* SceneDelegate.swift in Sources */ = {isa = PBXBuildFile; fileRef = 1E53FA542CB6CA3C004FDA8D /* SceneDelegate.swift */; };
		1E53FA572CB6CA3C004FDA8D /* Anasayfa.swift in Sources */ = {isa = PBXBuildFile; fileRef = 1E53FA562CB6CA3C004FDA8D /* Anasayfa.swift */; };
		1E53FA5A2CB6CA3C004FDA8D /* Base in Resources */ = {isa = PBXBuildFile; fileRef = 1E53FA592CB6CA3C004FDA8D /* Base */; };
		1E53FA5C2CB6CA3E004FDA8D /* Assets.xcassets in Resources */ = {isa = PBXBuildFile; fileRef = 1E53FA5B2CB6CA3E004FDA8D /* Assets.xcassets */; };
		1E53FA5F2CB6CA3E004FDA8D /* Base in Resources */ = {isa = PBXBuildFile; fileRef = 1E53FA5E2CB6CA3E004FDA8D /* Base */; };
		1E53FA672CB6CAA5004FDA8D /* products.swift in Sources */ = {isa = PBXBuildFile; fileRef = 1E53FA662CB6CAA5004FDA8D /* products.swift */; };
		1E53FA692CB6CC6F004FDA8D /* DetaySayfa.swift in Sources */ = {isa = PBXBuildFile; fileRef = 1E53FA682CB6CC6F004FDA8D /* DetaySayfa.swift */; };
		1E53FA6D2CB6E5A0004FDA8D /* UrunlerHucre.swift in Sources */ = {isa = PBXBuildFile; fileRef = 1E53FA6C2CB6E5A0004FDA8D /* UrunlerHucre.swift */; };
/* End PBXBuildFile section */

/* Begin PBXFileReference section */
		1E53FA4F2CB6CA3C004FDA8D /* ProductsApp.app */ = {isa = PBXFileReference; explicitFileType = wrapper.application; includeInIndex = 0; path = ProductsApp.app; sourceTree = BUILT_PRODUCTS_DIR; };
		1E53FA522CB6CA3C004FDA8D /* AppDelegate.swift */ = {isa = PBXFileReference; lastKnownFileType = sourcecode.swift; path = AppDelegate.swift; sourceTree = "<group>"; };
		1E53FA542CB6CA3C004FDA8D /* SceneDelegate.swift */ = {isa = PBXFileReference; lastKnownFileType = sourcecode.swift; path = SceneDelegate.swift; sourceTree = "<group>"; };
		1E53FA562CB6CA3C004FDA8D /* Anasayfa.swift */ = {isa = PBXFileReference; lastKnownFileType = sourcecode.swift; path = Anasayfa.swift; sourceTree = "<group>"; };
		1E53FA592CB6CA3C004FDA8D /* Base */ = {isa = PBXFileReference; lastKnownFileType = file.storyboard; name = Base; path = Base.lproj/Main.storyboard; sourceTree = "<group>"; };
		1E53FA5B2CB6CA3E004FDA8D /* Assets.xcassets */ = {isa = PBXFileReference; lastKnownFileType = folder.assetcatalog; path = Assets.xcassets; sourceTree = "<group>"; };
		1E53FA5E2CB6CA3E004FDA8D /* Base */ = {isa = PBXFileReference; lastKnownFileType = file.storyboard; name = Base; path = Base.lproj/LaunchScreen.storyboard; sourceTree = "<group>"; };
		1E53FA602CB6CA3E004FDA8D /* Info.plist */ = {isa = PBXFileReference; lastKnownFileType = text.plist.xml; path = Info.plist; sourceTree = "<group>"; };
		1E53FA662CB6CAA5004FDA8D /* products.swift */ = {isa = PBXFileReference; lastKnownFileType = sourcecode.swift; path = products.swift; sourceTree = "<group>"; };
		1E53FA682CB6CC6F004FDA8D /* DetaySayfa.swift */ = {isa = PBXFileReference; lastKnownFileType = sourcecode.swift; path = DetaySayfa.swift; sourceTree = "<group>"; };
		1E53FA6C2CB6E5A0004FDA8D /* UrunlerHucre.swift */ = {isa = PBXFileReference; lastKnownFileType = sourcecode.swift; path = UrunlerHucre.swift; sourceTree = "<group>"; };
/* End PBXFileReference section */

/* Begin PBXFrameworksBuildPhase section */
		1E53FA4C2CB6CA3C004FDA8D /* Frameworks */ = {
			isa = PBXFrameworksBuildPhase;
			buildActionMask = 2147483647;
			files = (
			);
			runOnlyForDeploymentPostprocessing = 0;
		};
/* End PBXFrameworksBuildPhase section */

/* Begin PBXGroup section */
		1E53FA462CB6CA3C004FDA8D = {
			isa = PBXGroup;
			children = (
				1E53FA512CB6CA3C004FDA8D /* ProductsApp */,
				1E53FA502CB6CA3C004FDA8D /* Products */,
			);
			sourceTree = "<group>";
		};
		1E53FA502CB6CA3C004FDA8D /* Products */ = {
			isa = PBXGroup;
			children = (
				1E53FA4F2CB6CA3C004FDA8D /* ProductsApp.app */,
			);
			name = Products;
			sourceTree = "<group>";
		};
		1E53FA512CB6CA3C004FDA8D /* ProductsApp */ = {
			isa = PBXGroup;
			children = (
				1E53FA522CB6CA3C004FDA8D /* AppDelegate.swift */,
				1E53FA542CB6CA3C004FDA8D /* SceneDelegate.swift */,
				1E53FA562CB6CA3C004FDA8D /* Anasayfa.swift */,
				1E53FA682CB6CC6F004FDA8D /* DetaySayfa.swift */,
				1E53FA662CB6CAA5004FDA8D /* products.swift */,
				1E53FA6C2CB6E5A0004FDA8D /* UrunlerHucre.swift */,
				1E53FA582CB6CA3C004FDA8D /* Main.storyboard */,
				1E53FA5B2CB6CA3E004FDA8D /* Assets.xcassets */,
				1E53FA5D2CB6CA3E004FDA8D /* LaunchScreen.storyboard */,
				1E53FA602CB6CA3E004FDA8D /* Info.plist */,
			);
			path = ProductsApp;
			sourceTree = "<group>";
		};
/* End PBXGroup section */

/* Begin PBXNativeTarget section */
		1E53FA4E2CB6CA3C004FDA8D /* ProductsApp */ = {
			isa = PBXNativeTarget;
			buildConfigurationList = 1E53FA632CB6CA3E004FDA8D /* Build configuration list for PBXNativeTarget "ProductsApp" */;
			buildPhases = (
				1E53FA4B2CB6CA3C004FDA8D /* Sources */,
				1E53FA4C2CB6CA3C004FDA8D /* Frameworks */,
				1E53FA4D2CB6CA3C004FDA8D /* Resources */,
			);
			buildRules = (
			);
			dependencies = (
			);
			name = ProductsApp;
			productName = ProductsApp;
			productReference = 1E53FA4F2CB6CA3C004FDA8D /* ProductsApp.app */;
			productType = "com.apple.product-type.application";
		};
/* End PBXNativeTarget section */

/* Begin PBXProject section */
		1E53FA472CB6CA3C004FDA8D /* Project object */ = {
			isa = PBXProject;
			attributes = {
				BuildIndependentTargetsInParallel = 1;
				LastSwiftUpdateCheck = 1540;
				LastUpgradeCheck = 1540;
				TargetAttributes = {
					1E53FA4E2CB6CA3C004FDA8D = {
						CreatedOnToolsVersion = 15.4;
					};
				};
			};
			buildConfigurationList = 1E53FA4A2CB6CA3C004FDA8D /* Build configuration list for PBXProject "ProductsApp" */;
			compatibilityVersion = "Xcode 14.0";
			developmentRegion = en;
			hasScannedForEncodings = 0;
			knownRegions = (
				en,
				Base,
			);
			mainGroup = 1E53FA462CB6CA3C004FDA8D;
			productRefGroup = 1E53FA502CB6CA3C004FDA8D /* Products */;
			projectDirPath = "";
			projectRoot = "";
			targets = (
				1E53FA4E2CB6CA3C004FDA8D /* ProductsApp */,
			);
		};
/* End PBXProject section */

/* Begin PBXResourcesBuildPhase section */
		1E53FA4D2CB6CA3C004FDA8D /* Resources */ = {
			isa = PBXResourcesBuildPhase;
			buildActionMask = 2147483647;
			files = (
				1E53FA5C2CB6CA3E004FDA8D /* Assets.xcassets in Resources */,
				1E53FA5F2CB6CA3E004FDA8D /* Base in Resources */,
				1E53FA5A2CB6CA3C004FDA8D /* Base in Resources */,
			);
			runOnlyForDeploymentPostprocessing = 0;
		};
/* End PBXResourcesBuildPhase section */

/* Begin PBXSourcesBuildPhase section */
		1E53FA4B2CB6CA3C004FDA8D /* Sources */ = {
			isa = PBXSourcesBuildPhase;
			buildActionMask = 2147483647;
			files = (
				1E53FA572CB6CA3C004FDA8D /* Anasayfa.swift in Sources */,
				1E53FA672CB6CAA5004FDA8D /* products.swift in Sources */,
				1E53FA532CB6CA3C004FDA8D /* AppDelegate.swift in Sources */,
				1E53FA6D2CB6E5A0004FDA8D /* UrunlerHucre.swift in Sources */,
				1E53FA692CB6CC6F004FDA8D /* DetaySayfa.swift in Sources */,
				1E53FA552CB6CA3C004FDA8D /* SceneDelegate.swift in Sources */,
			);
			runOnlyForDeploymentPostprocessing = 0;
		};
/* End PBXSourcesBuildPhase section */

/* Begin PBXVariantGroup section */
		1E53FA582CB6CA3C004FDA8D /* Main.storyboard */ = {
			isa = PBXVariantGroup;
			children = (
				1E53FA592CB6CA3C004FDA8D /* Base */,
			);
			name = Main.storyboard;
			sourceTree = "<group>";
		};
		1E53FA5D2CB6CA3E004FDA8D /* LaunchScreen.storyboard */ = {
			isa = PBXVariantGroup;
			children = (
				1E53FA5E2CB6CA3E004FDA8D /* Base */,
			);
			name = LaunchScreen.storyboard;
			sourceTree = "<group>";
		};
/* End PBXVariantGroup section */

/* Begin XCBuildConfiguration section */
		1E53FA612CB6CA3E004FDA8D /* Debug */ = {
			isa = XCBuildConfiguration;
			buildSettings = {
				ALWAYS_SEARCH_USER_PATHS = NO;
				ASSETCATALOG_COMPILER_GENERATE_SWIFT_ASSET_SYMBOL_EXTENSIONS = YES;
				CLANG_ANALYZER_NONNULL = YES;
				CLANG_ANALYZER_NUMBER_OBJECT_CONVERSION = YES_AGGRESSIVE;
				CLANG_CXX_LANGUAGE_STANDARD = "gnu++20";
				CLANG_ENABLE_MODULES = YES;
				CLANG_ENABLE_OBJC_ARC = YES;
				CLANG_ENABLE_OBJC_WEAK = YES;
				CLANG_WARN_BLOCK_CAPTURE_AUTORELEASING = YES;
				CLANG_WARN_BOOL_CONVERSION = YES;
				CLANG_WARN_COMMA = YES;
				CLANG_WARN_CONSTANT_CONVERSION = YES;
				CLANG_WARN_DEPRECATED_OBJC_IMPLEMENTATIONS = YES;
				CLANG_WARN_DIRECT_OBJC_ISA_USAGE = YES_ERROR;
				CLANG_WARN_DOCUMENTATION_COMMENTS = YES;
				CLANG_WARN_EMPTY_BODY = YES;
				CLANG_WARN_ENUM_CONVERSION = YES;
				CLANG_WARN_INFINITE_RECURSION = YES;
				CLANG_WARN_INT_CONVERSION = YES;
				CLANG_WARN_NON_LITERAL_NULL_CONVERSION = YES;
				CLANG_WARN_OBJC_IMPLICIT_RETAIN_SELF = YES;
				CLANG_WARN_OBJC_LITERAL_CONVERSION = YES;
				CLANG_WARN_OBJC_ROOT_CLASS = YES_ERROR;
				CLANG_WARN_QUOTED_INCLUDE_IN_FRAMEWORK_HEADER = YES;
				CLANG_WARN_RANGE_LOOP_ANALYSIS = YES;
				CLANG_WARN_STRICT_PROTOTYPES = YES;
				CLANG_WARN_SUSPICIOUS_MOVE = YES;
				CLANG_WARN_UNGUARDED_AVAILABILITY = YES_AGGRESSIVE;
				CLANG_WARN_UNREACHABLE_CODE = YES;
				CLANG_WARN__DUPLICATE_METHOD_MATCH = YES;
				COPY_PHASE_STRIP = NO;
				DEBUG_INFORMATION_FORMAT = dwarf;
				ENABLE_STRICT_OBJC_MSGSEND = YES;
				ENABLE_TESTABILITY = YES;
				ENABLE_USER_SCRIPT_SANDBOXING = YES;
				GCC_C_LANGUAGE_STANDARD = gnu17;
				GCC_DYNAMIC_NO_PIC = NO;
				GCC_NO_COMMON_BLOCKS = YES;
				GCC_OPTIMIZATION_LEVEL = 0;
				GCC_PREPROCESSOR_DEFINITIONS = (
					"DEBUG=1",
					"$(inherited)",
				);
				GCC_WARN_64_TO_32_BIT_CONVERSION = YES;
				GCC_WARN_ABOUT_RETURN_TYPE = YES_ERROR;
				GCC_WARN_UNDECLARED_SELECTOR = YES;
				GCC_WARN_UNINITIALIZED_AUTOS = YES_AGGRESSIVE;
				GCC_WARN_UNUSED_FUNCTION = YES;
				GCC_WARN_UNUSED_VARIABLE = YES;
				IPHONEOS_DEPLOYMENT_TARGET = 17.5;
				LOCALIZATION_PREFERS_STRING_CATALOGS = YES;
				MTL_ENABLE_DEBUG_INFO = INCLUDE_SOURCE;
				MTL_FAST_MATH = YES;
				ONLY_ACTIVE_ARCH = YES;
				SDKROOT = iphoneos;
				SWIFT_ACTIVE_COMPILATION_CONDITIONS = "DEBUG $(inherited)";
				SWIFT_OPTIMIZATION_LEVEL = "-Onone";
			};
			name = Debug;
		};
		1E53FA622CB6CA3E004FDA8D /* Release */ = {
			isa = XCBuildConfiguration;
			buildSettings = {
				ALWAYS_SEARCH_USER_PATHS = NO;
				ASSETCATALOG_COMPILER_GENERATE_SWIFT_ASSET_SYMBOL_EXTENSIONS = YES;
				CLANG_ANALYZER_NONNULL = YES;
				CLANG_ANALYZER_NUMBER_OBJECT_CONVERSION = YES_AGGRESSIVE;
				CLANG_CXX_LANGUAGE_STANDARD = "gnu++20";
				CLANG_ENABLE_MODULES = YES;
				CLANG_ENABLE_OBJC_ARC = YES;
				CLANG_ENABLE_OBJC_WEAK = YES;
				CLANG_WARN_BLOCK_CAPTURE_AUTORELEASING = YES;
				CLANG_WARN_BOOL_CONVERSION = YES;
				CLANG_WARN_COMMA = YES;
				CLANG_WARN_CONSTANT_CONVERSION = YES;
				CLANG_WARN_DEPRECATED_OBJC_IMPLEMENTATIONS = YES;
				CLANG_WARN_DIRECT_OBJC_ISA_USAGE = YES_ERROR;
				CLANG_WARN_DOCUMENTATION_COMMENTS = YES;
				CLANG_WARN_EMPTY_BODY = YES;
				CLANG_WARN_ENUM_CONVERSION = YES;
				CLANG_WARN_INFINITE_RECURSION = YES;
				CLANG_WARN_INT_CONVERSION = YES;
				CLANG_WARN_NON_LITERAL_NULL_CONVERSION = YES;
				CLANG_WARN_OBJC_IMPLICIT_RETAIN_SELF = YES;
				CLANG_WARN_OBJC_LITERAL_CONVERSION = YES;
				CLANG_WARN_OBJC_ROOT_CLASS = YES_ERROR;
				CLANG_WARN_QUOTED_INCLUDE_IN_FRAMEWORK_HEADER = YES;
				CLANG_WARN_RANGE_LOOP_ANALYSIS = YES;
				CLANG_WARN_STRICT_PROTOTYPES = YES;
				CLANG_WARN_SUSPICIOUS_MOVE = YES;
				CLANG_WARN_UNGUARDED_AVAILABILITY = YES_AGGRESSIVE;
				CLANG_WARN_UNREACHABLE_CODE = YES;
				CLANG_WARN__DUPLICATE_METHOD_MATCH = YES;
				COPY_PHASE_STRIP = NO;
				DEBUG_INFORMATION_FORMAT = "dwarf-with-dsym";
				ENABLE_NS_ASSERTIONS = NO;
				ENABLE_STRICT_OBJC_MSGSEND = YES;
				ENABLE_USER_SCRIPT_SANDBOXING = YES;
				GCC_C_LANGUAGE_STANDARD = gnu17;
				GCC_NO_COMMON_BLOCKS = YES;
				GCC_WARN_64_TO_32_BIT_CONVERSION = YES;
				GCC_WARN_ABOUT_RETURN_TYPE = YES_ERROR;
				GCC_WARN_UNDECLARED_SELECTOR = YES;
				GCC_WARN_UNINITIALIZED_AUTOS = YES_AGGRESSIVE;
				GCC_WARN_UNUSED_FUNCTION = YES;
				GCC_WARN_UNUSED_VARIABLE = YES;
				IPHONEOS_DEPLOYMENT_TARGET = 17.5;
				LOCALIZATION_PREFERS_STRING_CATALOGS = YES;
				MTL_ENABLE_DEBUG_INFO = NO;
				MTL_FAST_MATH = YES;
				SDKROOT = iphoneos;
				SWIFT_COMPILATION_MODE = wholemodule;
				VALIDATE_PRODUCT = YES;
			};
			name = Release;
		};
		1E53FA642CB6CA3E004FDA8D /* Debug */ = {
			isa = XCBuildConfiguration;
			buildSettings = {
				ASSETCATALOG_COMPILER_APPICON_NAME = AppIcon;
				ASSETCATALOG_COMPILER_GLOBAL_ACCENT_COLOR_NAME = AccentColor;
				CODE_SIGN_STYLE = Automatic;
				CURRENT_PROJECT_VERSION = 1;
				GENERATE_INFOPLIST_FILE = YES;
				INFOPLIST_FILE = ProductsApp/Info.plist;
				INFOPLIST_KEY_UIApplicationSupportsIndirectInputEvents = YES;
				INFOPLIST_KEY_UILaunchStoryboardName = LaunchScreen;
				INFOPLIST_KEY_UIMainStoryboardFile = Main;
				INFOPLIST_KEY_UISupportedInterfaceOrientations_iPad = "UIInterfaceOrientationPortrait UIInterfaceOrientationPortraitUpsideDown UIInterfaceOrientationLandscapeLeft UIInterfaceOrientationLandscapeRight";
				INFOPLIST_KEY_UISupportedInterfaceOrientations_iPhone = "UIInterfaceOrientationPortrait UIInterfaceOrientationLandscapeLeft UIInterfaceOrientationLandscapeRight";
				LD_RUNPATH_SEARCH_PATHS = (
					"$(inherited)",
					"@executable_path/Frameworks",
				);
				MARKETING_VERSION = 1.0;
				PRODUCT_BUNDLE_IDENTIFIER = com.info.ProductsApp;
				PRODUCT_NAME = "$(TARGET_NAME)";
				SWIFT_EMIT_LOC_STRINGS = YES;
				SWIFT_VERSION = 5.0;
				TARGETED_DEVICE_FAMILY = "1,2";
			};
			name = Debug;
		};
		1E53FA652CB6CA3E004FDA8D /* Release */ = {
			isa = XCBuildConfiguration;
			buildSettings = {
				ASSETCATALOG_COMPILER_APPICON_NAME = AppIcon;
				ASSETCATALOG_COMPILER_GLOBAL_ACCENT_COLOR_NAME = AccentColor;
				CODE_SIGN_STYLE = Automatic;
				CURRENT_PROJECT_VERSION = 1;
				GENERATE_INFOPLIST_FILE = YES;
				INFOPLIST_FILE = ProductsApp/Info.plist;
				INFOPLIST_KEY_UIApplicationSupportsIndirectInputEvents = YES;
				INFOPLIST_KEY_UILaunchStoryboardName = LaunchScreen;
				INFOPLIST_KEY_UIMainStoryboardFile = Main;
				INFOPLIST_KEY_UISupportedInterfaceOrientations_iPad = "UIInterfaceOrientationPortrait UIInterfaceOrientationPortraitUpsideDown UIInterfaceOrientationLandscapeLeft UIInterfaceOrientationLandscapeRight";
				INFOPLIST_KEY_UISupportedInterfaceOrientations_iPhone = "UIInterfaceOrientationPortrait UIInterfaceOrientationLandscapeLeft UIInterfaceOrientationLandscapeRight";
				LD_RUNPATH_SEARCH_PATHS = (
					"$(inherited)",
					"@executable_path/Frameworks",
				);
				MARKETING_VERSION = 1.0;
				PRODUCT_BUNDLE_IDENTIFIER = com.info.ProductsApp;
				PRODUCT_NAME = "$(TARGET_NAME)";
				SWIFT_EMIT_LOC_STRINGS = YES;
				SWIFT_VERSION = 5.0;
				TARGETED_DEVICE_FAMILY = "1,2";
			};
			name = Release;
		};
/* End XCBuildConfiguration section */

/* Begin XCConfigurationList section */
		1E53FA4A2CB6CA3C004FDA8D /* Build configuration list for PBXProject "ProductsApp" */ = {
			isa = XCConfigurationList;
			buildConfigurations = (
				1E53FA612CB6CA3E004FDA8D /* Debug */,
				1E53FA622CB6CA3E004FDA8D /* Release */,
			);
			defaultConfigurationIsVisible = 0;
			defaultConfigurationName = Release;
		};
		1E53FA632CB6CA3E004FDA8D /* Build configuration list for PBXNativeTarget "ProductsApp" */ = {
			isa = XCConfigurationList;
			buildConfigurations = (
				1E53FA642CB6CA3E004FDA8D /* Debug */,
				1E53FA652CB6CA3E004FDA8D /* Release */,
			);
			defaultConfigurationIsVisible = 0;
			defaultConfigurationName = Release;
		};
/* End XCConfigurationList section */
	};
	rootObject = 1E53FA472CB6CA3C004FDA8D /* Project object */;
}
